
Microsoft Visual Studio Solution File, Format Version 12.00
# Visual Studio Version 17
VisualStudioVersion = 17.7.34024.191
MinimumVisualStudioVersion = 10.0.40219.1
Project("{9A19103F-16F7-4668-BE54-9A1E7A4F7556}") = "EmptySeleniumCSharp", "EmptySeleniumCSharp\EmptySeleniumCSharp.csproj", "{7AE1ED97-275D-4997-B868-9621F8DACCCC}"
EndProject
Project("{2150E333-8FDC-42A3-9474-1A3956D46DE8}") = "Infra", "Infra", "{4EF0DD14-D3AC-489F-9444-A5717549A1DB}"
EndProject
Project("{9A19103F-16F7-4668-BE54-9A1E7A4F7556}") = "youtube", "Infra\youtube\MainPage\youtube\youtube.csproj", "{B8921074-A821-4ABA-878A-EAAB7BC7198D}"
EndProject
Project("{9A19103F-16F7-4668-BE54-9A1E7A4F7556}") = "qadocsCom", "Infra\qadocsCom\qadocsCom.csproj", "{9C23AB15-3C39-4CAB-803E-D34788479188}"
EndProject
Project("{2150E333-8FDC-42A3-9474-1A3956D46DE8}") = "Solution Items", "Solution Items", "{EF6E6126-6C57-40A4-B8C6-12983F39E243}"
	ProjectSection(SolutionItems) = preProject
		ReadMe.txt = ReadMe.txt
	EndProjectSection
EndProject
Project("{2150E333-8FDC-42A3-9474-1A3956D46DE8}") = "Common", "Common", "{044446C7-08BC-4F50-A8D6-4C9EECB54E76}"
EndProject
Project("{9A19103F-16F7-4668-BE54-9A1E7A4F7556}") = "Common", "Common\Common\Common.csproj", "{1E4F0141-FE1C-4A95-8799-6C08CF3BF517}"
EndProject
Project("{9A19103F-16F7-4668-BE54-9A1E7A4F7556}") = "mobileCalc", "Infra\mobileCalc\mobileCalc.csproj", "{A67617D0-9D62-4DC5-9A50-08C3D3A4F343}"
EndProject
Global
	GlobalSection(SolutionConfigurationPlatforms) = preSolution
		Debug|Any CPU = Debug|Any CPU
		Release|Any CPU = Release|Any CPU
	EndGlobalSection
	GlobalSection(ProjectConfigurationPlatforms) = postSolution
		{7AE1ED97-275D-4997-B868-9621F8DACCCC}.Debug|Any CPU.ActiveCfg = Debug|Any CPU
		{7AE1ED97-275D-4997-B868-9621F8DACCCC}.Debug|Any CPU.Build.0 = Debug|Any CPU
		{7AE1ED97-275D-4997-B868-9621F8DACCCC}.Release|Any CPU.ActiveCfg = Release|Any CPU
		{7AE1ED97-275D-4997-B868-9621F8DACCCC}.Release|Any CPU.Build.0 = Release|Any CPU
		{B8921074-A821-4ABA-878A-EAAB7BC7198D}.Debug|Any CPU.ActiveCfg = Debug|Any CPU
		{B8921074-A821-4ABA-878A-EAAB7BC7198D}.Debug|Any CPU.Build.0 = Debug|Any CPU
		{B8921074-A821-4ABA-878A-EAAB7BC7198D}.Release|Any CPU.ActiveCfg = Release|Any CPU
		{B8921074-A821-4ABA-878A-EAAB7BC7198D}.Release|Any CPU.Build.0 = Release|Any CPU
		{9C23AB15-3C39-4CAB-803E-D34788479188}.Debug|Any CPU.ActiveCfg = Debug|Any CPU
		{9C23AB15-3C39-4CAB-803E-D34788479188}.Debug|Any CPU.Build.0 = Debug|Any CPU
		{9C23AB15-3C39-4CAB-803E-D34788479188}.Release|Any CPU.ActiveCfg = Release|Any CPU
		{9C23AB15-3C39-4CAB-803E-D34788479188}.Release|Any CPU.Build.0 = Release|Any CPU
		{1E4F0141-FE1C-4A95-8799-6C08CF3BF517}.Debug|Any CPU.ActiveCfg = Debug|Any CPU
		{1E4F0141-FE1C-4A95-8799-6C08CF3BF517}.Debug|Any CPU.Build.0 = Debug|Any CPU
		{1E4F0141-FE1C-4A95-8799-6C08CF3BF517}.Release|Any CPU.ActiveCfg = Release|Any CPU
		{1E4F0141-FE1C-4A95-8799-6C08CF3BF517}.Release|Any CPU.Build.0 = Release|Any CPU
		{A67617D0-9D62-4DC5-9A50-08C3D3A4F343}.Debug|Any CPU.ActiveCfg = Debug|Any CPU
		{A67617D0-9D62-4DC5-9A50-08C3D3A4F343}.Debug|Any CPU.Build.0 = Debug|Any CPU
		{A67617D0-9D62-4DC5-9A50-08C3D3A4F343}.Release|Any CPU.ActiveCfg = Release|Any CPU
		{A67617D0-9D62-4DC5-9A50-08C3D3A4F343}.Release|Any CPU.Build.0 = Release|Any CPU
	EndGlobalSection
	GlobalSection(SolutionProperties) = preSolution
		HideSolutionNode = FALSE
	EndGlobalSection
	GlobalSection(NestedProjects) = preSolution
		{B8921074-A821-4ABA-878A-EAAB7BC7198D} = {4EF0DD14-D3AC-489F-9444-A5717549A1DB}
		{9C23AB15-3C39-4CAB-803E-D34788479188} = {4EF0DD14-D3AC-489F-9444-A5717549A1DB}
		{1E4F0141-FE1C-4A95-8799-6C08CF3BF517} = {044446C7-08BC-4F50-A8D6-4C9EECB54E76}
		{A67617D0-9D62-4DC5-9A50-08C3D3A4F343} = {4EF0DD14-D3AC-489F-9444-A5717549A1DB}
	EndGlobalSection
	GlobalSection(ExtensibilityGlobals) = postSolution
		SolutionGuid = {C16C0A7B-403C-4D7F-9D7B-464EADE11BC3}
	EndGlobalSection
EndGlobal
